<?xml version="1.0" encoding="utf-8"?>
<Project ToolsVersion="4.0" xmlns="http://schemas.microsoft.com/developer/msbuild/2003">
  <ItemGroup>
    <Filter Include="Galileo">
      <UniqueIdentifier>{029F4847-6E7E-C7E2-7796-52B9E3F42D44}</UniqueIdentifier>
    </Filter>
    <Filter Include="Galileo\Core">
      <UniqueIdentifier>{9A74A700-86D7-36A5-2F5D-6F5B1B9F0228}</UniqueIdentifier>
    </Filter>
    <Filter Include="Galileo\Events">
      <UniqueIdentifier>{A61479CD-92E2-6CD3-7B76-DDF967E34838}</UniqueIdentifier>
    </Filter>
    <Filter Include="Galileo\ImGui">
      <UniqueIdentifier>{ACCD0016-188E-7C4C-E1C8-C5C94D48C128}</UniqueIdentifier>
    </Filter>
    <Filter Include="Platform">
      <UniqueIdentifier>{2AC788B4-1694-E3BF-3FAD-D1672BD9184E}</UniqueIdentifier>
    </Filter>
    <Filter Include="Platform\OpenGL">
      <UniqueIdentifier>{1E7D2C1D-8A08-9AE1-9319-1DD6FF23F6E1}</UniqueIdentifier>
    </Filter>
    <Filter Include="Platform\Windows">
      <UniqueIdentifier>{64FBD71A-50F4-F66C-7926-DCF1657ED678}</UniqueIdentifier>
    </Filter>
  </ItemGroup>
  <ItemGroup>
    <ClInclude Include="src\Galileo.h" />
    <ClInclude Include="src\Galileo\Core\Application.h">
      <Filter>Galileo\Core</Filter>
    </ClInclude>
    <ClInclude Include="src\Galileo\Core\Core.h">
      <Filter>Galileo\Core</Filter>
    </ClInclude>
    <ClInclude Include="src\Galileo\Core\EntryPoint.h">
      <Filter>Galileo\Core</Filter>
    </ClInclude>
    <ClInclude Include="src\Galileo\Core\Layer.h">
      <Filter>Galileo\Core</Filter>
    </ClInclude>
    <ClInclude Include="src\Galileo\Core\LayerStack.h">
      <Filter>Galileo\Core</Filter>
    </ClInclude>
    <ClInclude Include="src\Galileo\Core\Log.h">
      <Filter>Galileo\Core</Filter>
    </ClInclude>
    <ClInclude Include="src\Galileo\Core\Window.h">
      <Filter>Galileo\Core</Filter>
    </ClInclude>
    <ClInclude Include="src\Galileo\Events\ApplicationEvent.h">
      <Filter>Galileo\Events</Filter>
    </ClInclude>
    <ClInclude Include="src\Galileo\Events\Event.h">
      <Filter>Galileo\Events</Filter>
    </ClInclude>
    <ClInclude Include="src\Galileo\Events\KeyEvent.h">
      <Filter>Galileo\Events</Filter>
    </ClInclude>
    <ClInclude Include="src\Galileo\Events\MouseEvent.h">
      <Filter>Galileo\Events</Filter>
    </ClInclude>
    <ClInclude Include="src\Galileo\ImGui\ImGuiLayer.h">
      <Filter>Galileo\ImGui</Filter>
    </ClInclude>
    <ClInclude Include="src\Platform\OpenGL\imguiopengl.h">
      <Filter>Platform\OpenGL</Filter>
    </ClInclude>
    <ClInclude Include="src\Platform\Windows\WindowsWindow.h">
      <Filter>Platform\Windows</Filter>
    </ClInclude>
    <ClInclude Include="src\glpch.h" />
  </ItemGroup>
  <ItemGroup>
    <ClCompile Include="src\Galileo\Core\Application.cpp">
      <Filter>Galileo\Core</Filter>
    </ClCompile>
    <ClCompile Include="src\Galileo\Core\Layer.cpp">
      <Filter>Galileo\Core</Filter>
    </ClCompile>
    <ClCompile Include="src\Galileo\Core\LayerStack.cpp">
      <Filter>Galileo\Core</Filter>
    </ClCompile>
    <ClCompile Include="src\Galileo\Core\Log.cpp">
      <Filter>Galileo\Core</Filter>
    </ClCompile>
    <ClCompile Include="src\Galileo\ImGui\ImGuiLayer.cpp">
      <Filter>Galileo\ImGui</Filter>
    </ClCompile>
    <ClCompile Include="src\Platform\OpenGL\imguiopengl.cpp">
      <Filter>Platform\OpenGL</Filter>
    </ClCompile>
    <ClCompile Include="src\Platform\Windows\WindowsWindow.cpp">
      <Filter>Platform\Windows</Filter>
    </ClCompile>
    <ClCompile Include="src\glpch.cpp" />
  </ItemGroup>
</Project>